// !$*UTF8*$!
{
	archiveVersion = 1;
	classes = {
	};
	objectVersion = 56;
	objects = {

/* Begin PBXBuildFile section */
		D39B10D129A1535A008E8F66 /* UIColor+RGB.swift in Sources */ = {isa = PBXBuildFile; fileRef = D39B10D029A1535A008E8F66 /* UIColor+RGB.swift */; };
		D39B10D329A1539D008E8F66 /* Palette.swift in Sources */ = {isa = PBXBuildFile; fileRef = D39B10D229A1539D008E8F66 /* Palette.swift */; };
		D39B10D529A1649D008E8F66 /* MovieCardView.swift in Sources */ = {isa = PBXBuildFile; fileRef = D39B10D429A1649D008E8F66 /* MovieCardView.swift */; };
		D39B10D729A164C3008E8F66 /* MovieDetailsView.swift in Sources */ = {isa = PBXBuildFile; fileRef = D39B10D629A164C3008E8F66 /* MovieDetailsView.swift */; };
		D39B10D929A164F8008E8F66 /* TrailerPlayer.swift in Sources */ = {isa = PBXBuildFile; fileRef = D39B10D829A164F8008E8F66 /* TrailerPlayer.swift */; };
		D39B10DB29A16F13008E8F66 /* SettingsView.swift in Sources */ = {isa = PBXBuildFile; fileRef = D39B10DA29A16F13008E8F66 /* SettingsView.swift */; };
		D39B10DE29A174F3008E8F66 /* NetworkManager.swift in Sources */ = {isa = PBXBuildFile; fileRef = D39B10DD29A174F3008E8F66 /* NetworkManager.swift */; };
		D3A249E329A0F6F8005A2503 /* MoviesApp.swift in Sources */ = {isa = PBXBuildFile; fileRef = D3A249E229A0F6F8005A2503 /* MoviesApp.swift */; };
		D3A249E529A0F6F8005A2503 /* MoviesFeedView.swift in Sources */ = {isa = PBXBuildFile; fileRef = D3A249E429A0F6F8005A2503 /* MoviesFeedView.swift */; };
		D3A249E729A0F6FB005A2503 /* Assets.xcassets in Resources */ = {isa = PBXBuildFile; fileRef = D3A249E629A0F6FB005A2503 /* Assets.xcassets */; };
		D3A249EA29A0F6FB005A2503 /* Preview Assets.xcassets in Resources */ = {isa = PBXBuildFile; fileRef = D3A249E929A0F6FB005A2503 /* Preview Assets.xcassets */; };
		D3A249F129A0F7DB005A2503 /* Models.swift in Sources */ = {isa = PBXBuildFile; fileRef = D3A249F029A0F7DB005A2503 /* Models.swift */; };
/* End PBXBuildFile section */

/* Begin PBXFileReference section */
		D39B10D029A1535A008E8F66 /* UIColor+RGB.swift */ = {isa = PBXFileReference; lastKnownFileType = sourcecode.swift; path = "UIColor+RGB.swift"; sourceTree = "<group>"; };
		D39B10D229A1539D008E8F66 /* Palette.swift */ = {isa = PBXFileReference; lastKnownFileType = sourcecode.swift; path = Palette.swift; sourceTree = "<group>"; };
		D39B10D429A1649D008E8F66 /* MovieCardView.swift */ = {isa = PBXFileReference; lastKnownFileType = sourcecode.swift; path = MovieCardView.swift; sourceTree = "<group>"; };
		D39B10D629A164C3008E8F66 /* MovieDetailsView.swift */ = {isa = PBXFileReference; lastKnownFileType = sourcecode.swift; path = MovieDetailsView.swift; sourceTree = "<group>"; };
		D39B10D829A164F8008E8F66 /* TrailerPlayer.swift */ = {isa = PBXFileReference; lastKnownFileType = sourcecode.swift; path = TrailerPlayer.swift; sourceTree = "<group>"; };
		D39B10DA29A16F13008E8F66 /* SettingsView.swift */ = {isa = PBXFileReference; lastKnownFileType = sourcecode.swift; path = SettingsView.swift; sourceTree = "<group>"; };
		D39B10DD29A174F3008E8F66 /* NetworkManager.swift */ = {isa = PBXFileReference; lastKnownFileType = sourcecode.swift; path = NetworkManager.swift; sourceTree = "<group>"; };
		D3A249DF29A0F6F8005A2503 /* MoviesApp.app */ = {isa = PBXFileReference; explicitFileType = wrapper.application; includeInIndex = 0; path = MoviesApp.app; sourceTree = BUILT_PRODUCTS_DIR; };
		D3A249E229A0F6F8005A2503 /* MoviesApp.swift */ = {isa = PBXFileReference; lastKnownFileType = sourcecode.swift; path = MoviesApp.swift; sourceTree = "<group>"; };
		D3A249E429A0F6F8005A2503 /* MoviesFeedView.swift */ = {isa = PBXFileReference; lastKnownFileType = sourcecode.swift; path = MoviesFeedView.swift; sourceTree = "<group>"; };
		D3A249E629A0F6FB005A2503 /* Assets.xcassets */ = {isa = PBXFileReference; lastKnownFileType = folder.assetcatalog; path = Assets.xcassets; sourceTree = "<group>"; };
		D3A249E929A0F6FB005A2503 /* Preview Assets.xcassets */ = {isa = PBXFileReference; lastKnownFileType = folder.assetcatalog; path = "Preview Assets.xcassets"; sourceTree = "<group>"; };
		D3A249F029A0F7DB005A2503 /* Models.swift */ = {isa = PBXFileReference; lastKnownFileType = sourcecode.swift; path = Models.swift; sourceTree = "<group>"; };
		D3A249F229A10679005A2503 /* Info.plist */ = {isa = PBXFileReference; lastKnownFileType = text.plist; path = Info.plist; sourceTree = "<group>"; };
/* End PBXFileReference section */

/* Begin PBXFrameworksBuildPhase section */
		D3A249DC29A0F6F8005A2503 /* Frameworks */ = {
			isa = PBXFrameworksBuildPhase;
			buildActionMask = 2147483647;
			files = (
			);
			runOnlyForDeploymentPostprocessing = 0;
		};
/* End PBXFrameworksBuildPhase section */

/* Begin PBXGroup section */
		D39B10DC29A17007008E8F66 /* Extensions */ = {
			isa = PBXGroup;
			children = (
				D39B10D029A1535A008E8F66 /* UIColor+RGB.swift */,
			);
			path = Extensions;
			sourceTree = "<group>";
		};
		D39B10DF29A1756D008E8F66 /* Services */ = {
			isa = PBXGroup;
			children = (
				D39B10DD29A174F3008E8F66 /* NetworkManager.swift */,
			);
			path = Services;
			sourceTree = "<group>";
		};
		D3A249D629A0F6F8005A2503 = {
			isa = PBXGroup;
			children = (
				D3A249E129A0F6F8005A2503 /* MoviesApp */,
				D3A249E029A0F6F8005A2503 /* Products */,
			);
			sourceTree = "<group>";
		};
		D3A249E029A0F6F8005A2503 /* Products */ = {
			isa = PBXGroup;
			children = (
				D3A249DF29A0F6F8005A2503 /* MoviesApp.app */,
			);
			name = Products;
			sourceTree = "<group>";
		};
		D3A249E129A0F6F8005A2503 /* MoviesApp */ = {
			isa = PBXGroup;
			children = (
				D39B10DF29A1756D008E8F66 /* Services */,
				D39B10DC29A17007008E8F66 /* Extensions */,
				D3A249F229A10679005A2503 /* Info.plist */,
				D3A249E229A0F6F8005A2503 /* MoviesApp.swift */,
				D3A249E429A0F6F8005A2503 /* MoviesFeedView.swift */,
				D3A249F029A0F7DB005A2503 /* Models.swift */,
				D39B10D229A1539D008E8F66 /* Palette.swift */,
				D39B10D429A1649D008E8F66 /* MovieCardView.swift */,
				D39B10D629A164C3008E8F66 /* MovieDetailsView.swift */,
				D39B10D829A164F8008E8F66 /* TrailerPlayer.swift */,
				D39B10DA29A16F13008E8F66 /* SettingsView.swift */,
				D3A249E629A0F6FB005A2503 /* Assets.xcassets */,
				D3A249E829A0F6FB005A2503 /* Preview Content */,
			);
			path = MoviesApp;
			sourceTree = "<group>";
		};
		D3A249E829A0F6FB005A2503 /* Preview Content */ = {
			isa = PBXGroup;
			children = (
				D3A249E929A0F6FB005A2503 /* Preview Assets.xcassets */,
			);
			path = "Preview Content";
			sourceTree = "<group>";
		};
/* End PBXGroup section */

/* Begin PBXNativeTarget section */
		D3A249DE29A0F6F8005A2503 /* MoviesApp */ = {
			isa = PBXNativeTarget;
			buildConfigurationList = D3A249ED29A0F6FB005A2503 /* Build configuration list for PBXNativeTarget "MoviesApp" */;
			buildPhases = (
				D3A249DB29A0F6F8005A2503 /* Sources */,
				D3A249DC29A0F6F8005A2503 /* Frameworks */,
				D3A249DD29A0F6F8005A2503 /* Resources */,
			);
			buildRules = (
			);
			dependencies = (
			);
			name = MoviesApp;
			productName = MoviesApp;
			productReference = D3A249DF29A0F6F8005A2503 /* MoviesApp.app */;
			productType = "com.apple.product-type.application";
		};
/* End PBXNativeTarget section */

/* Begin PBXProject section */
		D3A249D729A0F6F8005A2503 /* Project object */ = {
			isa = PBXProject;
			attributes = {
				BuildIndependentTargetsInParallel = 1;
				LastSwiftUpdateCheck = 1420;
				LastUpgradeCheck = 1420;
				TargetAttributes = {
					D3A249DE29A0F6F8005A2503 = {
						CreatedOnToolsVersion = 14.2;
					};
				};
			};
			buildConfigurationList = D3A249DA29A0F6F8005A2503 /* Build configuration list for PBXProject "MoviesApp" */;
			compatibilityVersion = "Xcode 14.0";
			developmentRegion = en;
			hasScannedForEncodings = 0;
			knownRegions = (
				en,
				Base,
			);
			mainGroup = D3A249D629A0F6F8005A2503;
			productRefGroup = D3A249E029A0F6F8005A2503 /* Products */;
			projectDirPath = "";
			projectRoot = "";
			targets = (
				D3A249DE29A0F6F8005A2503 /* MoviesApp */,
			);
		};
/* End PBXProject section */

/* Begin PBXResourcesBuildPhase section */
		D3A249DD29A0F6F8005A2503 /* Resources */ = {
			isa = PBXResourcesBuildPhase;
			buildActionMask = 2147483647;
			files = (
				D3A249EA29A0F6FB005A2503 /* Preview Assets.xcassets in Resources */,
				D3A249E729A0F6FB005A2503 /* Assets.xcassets in Resources */,
			);
			runOnlyForDeploymentPostprocessing = 0;
		};
/* End PBXResourcesBuildPhase section */

/* Begin PBXSourcesBuildPhase section */
		D3A249DB29A0F6F8005A2503 /* Sources */ = {
			isa = PBXSourcesBuildPhase;
			buildActionMask = 2147483647;
			files = (
				D3A249F129A0F7DB005A2503 /* Models.swift in Sources */,
				D39B10DE29A174F3008E8F66 /* NetworkManager.swift in Sources */,
				D39B10D729A164C3008E8F66 /* MovieDetailsView.swift in Sources */,
				D3A249E529A0F6F8005A2503 /* MoviesFeedView.swift in Sources */,
				D39B10DB29A16F13008E8F66 /* SettingsView.swift in Sources */,
				D39B10D529A1649D008E8F66 /* MovieCardView.swift in Sources */,
				D39B10D329A1539D008E8F66 /* Palette.swift in Sources */,
				D3A249E329A0F6F8005A2503 /* MoviesApp.swift in Sources */,
				D39B10D929A164F8008E8F66 /* TrailerPlayer.swift in Sources */,
				D39B10D129A1535A008E8F66 /* UIColor+RGB.swift in Sources */,
			);
			runOnlyForDeploymentPostprocessing = 0;
		};
/* End PBXSourcesBuildPhase section */

/* Begin XCBuildConfiguration section */
		D3A249EB29A0F6FB005A2503 /* Debug */ = {
			isa = XCBuildConfiguration;
			buildSettings = {
				ALWAYS_SEARCH_USER_PATHS = NO;
				CLANG_ANALYZER_NONNULL = YES;
				CLANG_ANALYZER_NUMBER_OBJECT_CONVERSION = YES_AGGRESSIVE;
				CLANG_CXX_LANGUAGE_STANDARD = "gnu++20";
				CLANG_ENABLE_MODULES = YES;
				CLANG_ENABLE_OBJC_ARC = YES;
				CLANG_ENABLE_OBJC_WEAK = YES;
				CLANG_WARN_BLOCK_CAPTURE_AUTORELEASING = YES;
				CLANG_WARN_BOOL_CONVERSION = YES;
				CLANG_WARN_COMMA = YES;
				CLANG_WARN_CONSTANT_CONVERSION = YES;
				CLANG_WARN_DEPRECATED_OBJC_IMPLEMENTATIONS = YES;
				CLANG_WARN_DIRECT_OBJC_ISA_USAGE = YES_ERROR;
				CLANG_WARN_DOCUMENTATION_COMMENTS = YES;
				CLANG_WARN_EMPTY_BODY = YES;
				CLANG_WARN_ENUM_CONVERSION = YES;
				CLANG_WARN_INFINITE_RECURSION = YES;
				CLANG_WARN_INT_CONVERSION = YES;
				CLANG_WARN_NON_LITERAL_NULL_CONVERSION = YES;
				CLANG_WARN_OBJC_IMPLICIT_RETAIN_SELF = YES;
				CLANG_WARN_OBJC_LITERAL_CONVERSION = YES;
				CLANG_WARN_OBJC_ROOT_CLASS = YES_ERROR;
				CLANG_WARN_QUOTED_INCLUDE_IN_FRAMEWORK_HEADER = YES;
				CLANG_WARN_RANGE_LOOP_ANALYSIS = YES;
				CLANG_WARN_STRICT_PROTOTYPES = YES;
				CLANG_WARN_SUSPICIOUS_MOVE = YES;
				CLANG_WARN_UNGUARDED_AVAILABILITY = YES_AGGRESSIVE;
				CLANG_WARN_UNREACHABLE_CODE = YES;
				CLANG_WARN__DUPLICATE_METHOD_MATCH = YES;
				COPY_PHASE_STRIP = NO;
				DEBUG_INFORMATION_FORMAT = dwarf;
				ENABLE_STRICT_OBJC_MSGSEND = YES;
				ENABLE_TESTABILITY = YES;
				GCC_C_LANGUAGE_STANDARD = gnu11;
				GCC_DYNAMIC_NO_PIC = NO;
				GCC_NO_COMMON_BLOCKS = YES;
				GCC_OPTIMIZATION_LEVEL = 0;
				GCC_PREPROCESSOR_DEFINITIONS = (
					"DEBUG=1",
					"$(inherited)",
				);
				GCC_WARN_64_TO_32_BIT_CONVERSION = YES;
				GCC_WARN_ABOUT_RETURN_TYPE = YES_ERROR;
				GCC_WARN_UNDECLARED_SELECTOR = YES;
				GCC_WARN_UNINITIALIZED_AUTOS = YES_AGGRESSIVE;
				GCC_WARN_UNUSED_FUNCTION = YES;
				GCC_WARN_UNUSED_VARIABLE = YES;
				IPHONEOS_DEPLOYMENT_TARGET = 15.0;
				MTL_ENABLE_DEBUG_INFO = INCLUDE_SOURCE;
				MTL_FAST_MATH = YES;
				ONLY_ACTIVE_ARCH = YES;
				SDKROOT = iphoneos;
				SWIFT_ACTIVE_COMPILATION_CONDITIONS = DEBUG;
				SWIFT_OPTIMIZATION_LEVEL = "-Onone";
			};
			name = Debug;
		};
		D3A249EC29A0F6FB005A2503 /* Release */ = {
			isa = XCBuildConfiguration;
			buildSettings = {
				ALWAYS_SEARCH_USER_PATHS = NO;
				CLANG_ANALYZER_NONNULL = YES;
				CLANG_ANALYZER_NUMBER_OBJECT_CONVERSION = YES_AGGRESSIVE;
				CLANG_CXX_LANGUAGE_STANDARD = "gnu++20";
				CLANG_ENABLE_MODULES = YES;
				CLANG_ENABLE_OBJC_ARC = YES;
				CLANG_ENABLE_OBJC_WEAK = YES;
				CLANG_WARN_BLOCK_CAPTURE_AUTORELEASING = YES;
				CLANG_WARN_BOOL_CONVERSION = YES;
				CLANG_WARN_COMMA = YES;
				CLANG_WARN_CONSTANT_CONVERSION = YES;
				CLANG_WARN_DEPRECATED_OBJC_IMPLEMENTATIONS = YES;
				CLANG_WARN_DIRECT_OBJC_ISA_USAGE = YES_ERROR;
				CLANG_WARN_DOCUMENTATION_COMMENTS = YES;
				CLANG_WARN_EMPTY_BODY = YES;
				CLANG_WARN_ENUM_CONVERSION = YES;
				CLANG_WARN_INFINITE_RECURSION = YES;
				CLANG_WARN_INT_CONVERSION = YES;
				CLANG_WARN_NON_LITERAL_NULL_CONVERSION = YES;
				CLANG_WARN_OBJC_IMPLICIT_RETAIN_SELF = YES;
				CLANG_WARN_OBJC_LITERAL_CONVERSION = YES;
				CLANG_WARN_OBJC_ROOT_CLASS = YES_ERROR;
				CLANG_WARN_QUOTED_INCLUDE_IN_FRAMEWORK_HEADER = YES;
				CLANG_WARN_RANGE_LOOP_ANALYSIS = YES;
				CLANG_WARN_STRICT_PROTOTYPES = YES;
				CLANG_WARN_SUSPICIOUS_MOVE = YES;
				CLANG_WARN_UNGUARDED_AVAILABILITY = YES_AGGRESSIVE;
				CLANG_WARN_UNREACHABLE_CODE = YES;
				CLANG_WARN__DUPLICATE_METHOD_MATCH = YES;
				COPY_PHASE_STRIP = NO;
				DEBUG_INFORMATION_FORMAT = "dwarf-with-dsym";
				ENABLE_NS_ASSERTIONS = NO;
				ENABLE_STRICT_OBJC_MSGSEND = YES;
				GCC_C_LANGUAGE_STANDARD = gnu11;
				GCC_NO_COMMON_BLOCKS = YES;
				GCC_WARN_64_TO_32_BIT_CONVERSION = YES;
				GCC_WARN_ABOUT_RETURN_TYPE = YES_ERROR;
				GCC_WARN_UNDECLARED_SELECTOR = YES;
				GCC_WARN_UNINITIALIZED_AUTOS = YES_AGGRESSIVE;
				GCC_WARN_UNUSED_FUNCTION = YES;
				GCC_WARN_UNUSED_VARIABLE = YES;
				IPHONEOS_DEPLOYMENT_TARGET = 15.0;
				MTL_ENABLE_DEBUG_INFO = NO;
				MTL_FAST_MATH = YES;
				SDKROOT = iphoneos;
				SWIFT_COMPILATION_MODE = wholemodule;
				SWIFT_OPTIMIZATION_LEVEL = "-O";
				VALIDATE_PRODUCT = YES;
			};
			name = Release;
		};
		D3A249EE29A0F6FB005A2503 /* Debug */ = {
			isa = XCBuildConfiguration;
			buildSettings = {
				ASSETCATALOG_COMPILER_APPICON_NAME = AppIcon;
				ASSETCATALOG_COMPILER_GLOBAL_ACCENT_COLOR_NAME = AccentColor;
				CODE_SIGN_STYLE = Automatic;
				CURRENT_PROJECT_VERSION = 1;
				DEVELOPMENT_ASSET_PATHS = "\"MoviesApp/Preview Content\"";
				DEVELOPMENT_TEAM = BFLW5CDF8X;
				ENABLE_PREVIEWS = YES;
				GENERATE_INFOPLIST_FILE = YES;
				INFOPLIST_FILE = MoviesApp/Info.plist;
				INFOPLIST_KEY_UIApplicationSupportsIndirectInputEvents = YES;
				INFOPLIST_KEY_UILaunchScreen_Generation = YES;
				INFOPLIST_KEY_UISupportedInterfaceOrientations_iPad = "UIInterfaceOrientationPortrait UIInterfaceOrientationPortraitUpsideDown UIInterfaceOrientationLandscapeLeft UIInterfaceOrientationLandscapeRight";
				INFOPLIST_KEY_UISupportedInterfaceOrientations_iPhone = "UIInterfaceOrientationPortrait UIInterfaceOrientationLandscapeLeft UIInterfaceOrientationLandscapeRight";
				IPHONEOS_DEPLOYMENT_TARGET = 15.0;
				LD_RUNPATH_SEARCH_PATHS = (
					"$(inherited)",
					"@executable_path/Frameworks",
				);
				MARKETING_VERSION = 1.0;
				PRODUCT_BUNDLE_IDENTIFIER = com.isachenkomikhail.movies.MoviesApp;
				PRODUCT_NAME = "$(TARGET_NAME)";
				SWIFT_EMIT_LOC_STRINGS = YES;
				SWIFT_VERSION = 5.0;
				TARGETED_DEVICE_FAMILY = "1,2";
			};
			name = Debug;
		};
		D3A249EF29A0F6FB005A2503 /* Release */ = {
			isa = XCBuildConfiguration;
			buildSettings = {
				ASSETCATALOG_COMPILER_APPICON_NAME = AppIcon;
				ASSETCATALOG_COMPILER_GLOBAL_ACCENT_COLOR_NAME = AccentColor;
				CODE_SIGN_STYLE = Automatic;
				CURRENT_PROJECT_VERSION = 1;
				DEVELOPMENT_ASSET_PATHS = "\"MoviesApp/Preview Content\"";
				DEVELOPMENT_TEAM = BFLW5CDF8X;
				ENABLE_PREVIEWS = YES;
				GENERATE_INFOPLIST_FILE = YES;
				INFOPLIST_FILE = MoviesApp/Info.plist;
				INFOPLIST_KEY_UIApplicationSupportsIndirectInputEvents = YES;
				INFOPLIST_KEY_UILaunchScreen_Generation = YES;
				INFOPLIST_KEY_UISupportedInterfaceOrientations_iPad = "UIInterfaceOrientationPortrait UIInterfaceOrientationPortraitUpsideDown UIInterfaceOrientationLandscapeLeft UIInterfaceOrientationLandscapeRight";
				INFOPLIST_KEY_UISupportedInterfaceOrientations_iPhone = "UIInterfaceOrientationPortrait UIInterfaceOrientationLandscapeLeft UIInterfaceOrientationLandscapeRight";
				IPHONEOS_DEPLOYMENT_TARGET = 15.0;
				LD_RUNPATH_SEARCH_PATHS = (
					"$(inherited)",
					"@executable_path/Frameworks",
				);
				MARKETING_VERSION = 1.0;
				PRODUCT_BUNDLE_IDENTIFIER = com.isachenkomikhail.movies.MoviesApp;
				PRODUCT_NAME = "$(TARGET_NAME)";
				SWIFT_EMIT_LOC_STRINGS = YES;
				SWIFT_VERSION = 5.0;
				TARGETED_DEVICE_FAMILY = "1,2";
			};
			name = Release;
		};
/* End XCBuildConfiguration section */

/* Begin XCConfigurationList section */
		D3A249DA29A0F6F8005A2503 /* Build configuration list for PBXProject "MoviesApp" */ = {
			isa = XCConfigurationList;
			buildConfigurations = (
				D3A249EB29A0F6FB005A2503 /* Debug */,
				D3A249EC29A0F6FB005A2503 /* Release */,
			);
			defaultConfigurationIsVisible = 0;
			defaultConfigurationName = Release;
		};
		D3A249ED29A0F6FB005A2503 /* Build configuration list for PBXNativeTarget "MoviesApp" */ = {
			isa = XCConfigurationList;
			buildConfigurations = (
				D3A249EE29A0F6FB005A2503 /* Debug */,
				D3A249EF29A0F6FB005A2503 /* Release */,
			);
			defaultConfigurationIsVisible = 0;
			defaultConfigurationName = Release;
		};
/* End XCConfigurationList section */
	};
	rootObject = D3A249D729A0F6F8005A2503 /* Project object */;
}
